
Microsoft Visual Studio Solution File, Format Version 12.00
# Visual Studio Version 17
VisualStudioVersion = 17.1.32319.34
MinimumVisualStudioVersion = 10.0.40219.1
Project("{FAE04EC0-301F-11D3-BF4B-00C04F79EFBC}") = "Task1", "Task1\Task1.csproj", "{F98CC446-6CCF-4039-A1C8-F6E0B951C879}"
EndProject
Project("{FAE04EC0-301F-11D3-BF4B-00C04F79EFBC}") = "Task7", "Task7\Task7.csproj", "{9969E336-6B92-4320-8302-1E3B1EDBCC10}"
EndProject
Global
	GlobalSection(SolutionConfigurationPlatforms) = preSolution
		Debug|Any CPU = Debug|Any CPU
		Release|Any CPU = Release|Any CPU
	EndGlobalSection
	GlobalSection(ProjectConfigurationPlatforms) = postSolution
		{F98CC446-6CCF-4039-A1C8-F6E0B951C879}.Debug|Any CPU.ActiveCfg = Debug|Any CPU
		{F98CC446-6CCF-4039-A1C8-F6E0B951C879}.Debug|Any CPU.Build.0 = Debug|Any CPU
		{F98CC446-6CCF-4039-A1C8-F6E0B951C879}.Release|Any CPU.ActiveCfg = Release|Any CPU
		{F98CC446-6CCF-4039-A1C8-F6E0B951C879}.Release|Any CPU.Build.0 = Release|Any CPU
		{9969E336-6B92-4320-8302-1E3B1EDBCC10}.Debug|Any CPU.ActiveCfg = Debug|Any CPU
		{9969E336-6B92-4320-8302-1E3B1EDBCC10}.Debug|Any CPU.Build.0 = Debug|Any CPU
		{9969E336-6B92-4320-8302-1E3B1EDBCC10}.Release|Any CPU.ActiveCfg = Release|Any CPU
		{9969E336-6B92-4320-8302-1E3B1EDBCC10}.Release|Any CPU.Build.0 = Release|Any CPU
	EndGlobalSection
	GlobalSection(SolutionProperties) = preSolution
		HideSolutionNode = FALSE
	EndGlobalSection
	GlobalSection(ExtensibilityGlobals) = postSolution
		SolutionGuid = {B257996C-5847-48A2-8498-5B0A84D8FFEC}
	EndGlobalSection
EndGlobal
